
Microsoft Visual Studio Solution File, Format Version 12.00
# Visual Studio Version 16
VisualStudioVersion = 16.0.30907.101
MinimumVisualStudioVersion = 10.0.40219.1
Project("{FAE04EC0-301F-11D3-BF4B-00C04F79EFBC}") = "Singleton", "Singleton\Singleton.csproj", "{122E8EC6-A423-4D7A-BCBD-81B2E24E321D}"
EndProject
Project("{FAE04EC0-301F-11D3-BF4B-00C04F79EFBC}") = "FactoryMethod", "FactoryMethod\FactoryMethod.csproj", "{8E636CEF-CADC-4669-996D-421B1454DCD7}"
EndProject
Project("{FAE04EC0-301F-11D3-BF4B-00C04F79EFBC}") = "AbstractFactory", "AbstractFactory\AbstractFactory.csproj", "{B44ECF1A-1C06-45B9-B382-908DF91CA5BD}"
EndProject
Project("{FAE04EC0-301F-11D3-BF4B-00C04F79EFBC}") = "Builder", "Builder\Builder.csproj", "{17A53615-D782-4A6C-9F83-9DCBC7BA8C0A}"
EndProject
Project("{FAE04EC0-301F-11D3-BF4B-00C04F79EFBC}") = "Prototype", "Prototype\Prototype.csproj", "{0BF0F9D0-0DEB-4D1E-B55F-AFA0A372163C}"
EndProject
Project("{FAE04EC0-301F-11D3-BF4B-00C04F79EFBC}") = "Adapter", "Adapter\Adapter.csproj", "{CF6B1BE7-78F8-4AF2-ACB4-C418EB99DC77}"
EndProject
Project("{FAE04EC0-301F-11D3-BF4B-00C04F79EFBC}") = "Bridge", "Bridge\Bridge.csproj", "{40F8C7CD-18C0-48FD-B9D8-3048CEFD4409}"
EndProject
Project("{FAE04EC0-301F-11D3-BF4B-00C04F79EFBC}") = "Composite", "Composite\Composite.csproj", "{691D4825-BB41-4F04-A825-AB5F706DEA79}"
EndProject
Project("{FAE04EC0-301F-11D3-BF4B-00C04F79EFBC}") = "Decorator", "Decorator\Decorator.csproj", "{E5AC5A0A-9E7B-4EC5-9675-553B0A4905FE}"
EndProject
Project("{FAE04EC0-301F-11D3-BF4B-00C04F79EFBC}") = "Facade", "Facade\Facade.csproj", "{EE089892-DA10-42B1-8D6B-67A6F16113A1}"
EndProject
Global
	GlobalSection(SolutionConfigurationPlatforms) = preSolution
		Debug|Any CPU = Debug|Any CPU
		Release|Any CPU = Release|Any CPU
	EndGlobalSection
	GlobalSection(ProjectConfigurationPlatforms) = postSolution
		{122E8EC6-A423-4D7A-BCBD-81B2E24E321D}.Debug|Any CPU.ActiveCfg = Debug|Any CPU
		{122E8EC6-A423-4D7A-BCBD-81B2E24E321D}.Debug|Any CPU.Build.0 = Debug|Any CPU
		{122E8EC6-A423-4D7A-BCBD-81B2E24E321D}.Release|Any CPU.ActiveCfg = Release|Any CPU
		{122E8EC6-A423-4D7A-BCBD-81B2E24E321D}.Release|Any CPU.Build.0 = Release|Any CPU
		{8E636CEF-CADC-4669-996D-421B1454DCD7}.Debug|Any CPU.ActiveCfg = Debug|Any CPU
		{8E636CEF-CADC-4669-996D-421B1454DCD7}.Debug|Any CPU.Build.0 = Debug|Any CPU
		{8E636CEF-CADC-4669-996D-421B1454DCD7}.Release|Any CPU.ActiveCfg = Release|Any CPU
		{8E636CEF-CADC-4669-996D-421B1454DCD7}.Release|Any CPU.Build.0 = Release|Any CPU
		{B44ECF1A-1C06-45B9-B382-908DF91CA5BD}.Debug|Any CPU.ActiveCfg = Debug|Any CPU
		{B44ECF1A-1C06-45B9-B382-908DF91CA5BD}.Debug|Any CPU.Build.0 = Debug|Any CPU
		{B44ECF1A-1C06-45B9-B382-908DF91CA5BD}.Release|Any CPU.ActiveCfg = Release|Any CPU
		{B44ECF1A-1C06-45B9-B382-908DF91CA5BD}.Release|Any CPU.Build.0 = Release|Any CPU
		{17A53615-D782-4A6C-9F83-9DCBC7BA8C0A}.Debug|Any CPU.ActiveCfg = Debug|Any CPU
		{17A53615-D782-4A6C-9F83-9DCBC7BA8C0A}.Debug|Any CPU.Build.0 = Debug|Any CPU
		{17A53615-D782-4A6C-9F83-9DCBC7BA8C0A}.Release|Any CPU.ActiveCfg = Release|Any CPU
		{17A53615-D782-4A6C-9F83-9DCBC7BA8C0A}.Release|Any CPU.Build.0 = Release|Any CPU
		{0BF0F9D0-0DEB-4D1E-B55F-AFA0A372163C}.Debug|Any CPU.ActiveCfg = Debug|Any CPU
		{0BF0F9D0-0DEB-4D1E-B55F-AFA0A372163C}.Debug|Any CPU.Build.0 = Debug|Any CPU
		{0BF0F9D0-0DEB-4D1E-B55F-AFA0A372163C}.Release|Any CPU.ActiveCfg = Release|Any CPU
		{0BF0F9D0-0DEB-4D1E-B55F-AFA0A372163C}.Release|Any CPU.Build.0 = Release|Any CPU
		{CF6B1BE7-78F8-4AF2-ACB4-C418EB99DC77}.Debug|Any CPU.ActiveCfg = Debug|Any CPU
		{CF6B1BE7-78F8-4AF2-ACB4-C418EB99DC77}.Debug|Any CPU.Build.0 = Debug|Any CPU
		{CF6B1BE7-78F8-4AF2-ACB4-C418EB99DC77}.Release|Any CPU.ActiveCfg = Release|Any CPU
		{CF6B1BE7-78F8-4AF2-ACB4-C418EB99DC77}.Release|Any CPU.Build.0 = Release|Any CPU
		{40F8C7CD-18C0-48FD-B9D8-3048CEFD4409}.Debug|Any CPU.ActiveCfg = Debug|Any CPU
		{40F8C7CD-18C0-48FD-B9D8-3048CEFD4409}.Debug|Any CPU.Build.0 = Debug|Any CPU
		{40F8C7CD-18C0-48FD-B9D8-3048CEFD4409}.Release|Any CPU.ActiveCfg = Release|Any CPU
		{40F8C7CD-18C0-48FD-B9D8-3048CEFD4409}.Release|Any CPU.Build.0 = Release|Any CPU
		{691D4825-BB41-4F04-A825-AB5F706DEA79}.Debug|Any CPU.ActiveCfg = Debug|Any CPU
		{691D4825-BB41-4F04-A825-AB5F706DEA79}.Debug|Any CPU.Build.0 = Debug|Any CPU
		{691D4825-BB41-4F04-A825-AB5F706DEA79}.Release|Any CPU.ActiveCfg = Release|Any CPU
		{691D4825-BB41-4F04-A825-AB5F706DEA79}.Release|Any CPU.Build.0 = Release|Any CPU
		{E5AC5A0A-9E7B-4EC5-9675-553B0A4905FE}.Debug|Any CPU.ActiveCfg = Debug|Any CPU
		{E5AC5A0A-9E7B-4EC5-9675-553B0A4905FE}.Debug|Any CPU.Build.0 = Debug|Any CPU
		{E5AC5A0A-9E7B-4EC5-9675-553B0A4905FE}.Release|Any CPU.ActiveCfg = Release|Any CPU
		{E5AC5A0A-9E7B-4EC5-9675-553B0A4905FE}.Release|Any CPU.Build.0 = Release|Any CPU
		{EE089892-DA10-42B1-8D6B-67A6F16113A1}.Debug|Any CPU.ActiveCfg = Debug|Any CPU
		{EE089892-DA10-42B1-8D6B-67A6F16113A1}.Debug|Any CPU.Build.0 = Debug|Any CPU
		{EE089892-DA10-42B1-8D6B-67A6F16113A1}.Release|Any CPU.ActiveCfg = Release|Any CPU
		{EE089892-DA10-42B1-8D6B-67A6F16113A1}.Release|Any CPU.Build.0 = Release|Any CPU
	EndGlobalSection
	GlobalSection(SolutionProperties) = preSolution
		HideSolutionNode = FALSE
	EndGlobalSection
	GlobalSection(ExtensibilityGlobals) = postSolution
		SolutionGuid = {35107F0C-2940-4127-B5EA-A3062E5CB6C3}
	EndGlobalSection
EndGlobal
